
Microsoft Visual Studio Solution File, Format Version 12.00
# Visual Studio Version 17
VisualStudioVersion = 17.10.35122.118
MinimumVisualStudioVersion = 10.0.40219.1
Project("{9A19103F-16F7-4668-BE54-9A1E7A4F7556}") = "cis414-project", "cis414-project\cis414-project.csproj", "{EF45ACDE-C145-4C25-8491-5992E0F01641}"
EndProject
Global
	GlobalSection(SolutionConfigurationPlatforms) = preSolution
		Debug|Any CPU = Debug|Any CPU
		Release|Any CPU = Release|Any CPU
	EndGlobalSection
	GlobalSection(ProjectConfigurationPlatforms) = postSolution
		{EF45ACDE-C145-4C25-8491-5992E0F01641}.Debug|Any CPU.ActiveCfg = Debug|Any CPU
		{EF45ACDE-C145-4C25-8491-5992E0F01641}.Debug|Any CPU.Build.0 = Debug|Any CPU
		{EF45ACDE-C145-4C25-8491-5992E0F01641}.Release|Any CPU.ActiveCfg = Release|Any CPU
		{EF45ACDE-C145-4C25-8491-5992E0F01641}.Release|Any CPU.Build.0 = Release|Any CPU
	EndGlobalSection
	GlobalSection(SolutionProperties) = preSolution
		HideSolutionNode = FALSE
	EndGlobalSection
	GlobalSection(ExtensibilityGlobals) = postSolution
		SolutionGuid = {82B39CC7-D975-444C-9E4E-2DC06404E31B}
	EndGlobalSection
EndGlobal
